
Microsoft Visual Studio Solution File, Format Version 12.00
# Visual Studio Version 17
VisualStudioVersion = 17.9.34728.123
MinimumVisualStudioVersion = 10.0.40219.1
Project("{FAE04EC0-301F-11D3-BF4B-00C04F79EFBC}") = "Job Online Portal", "Job Online Portal\Job Online Portal.csproj", "{8FBAF1B5-070A-4D12-9116-BCACD87E353C}"
EndProject
Global
	GlobalSection(SolutionConfigurationPlatforms) = preSolution
		Debug|Any CPU = Debug|Any CPU
		Release|Any CPU = Release|Any CPU
	EndGlobalSection
	GlobalSection(ProjectConfigurationPlatforms) = postSolution
		{8FBAF1B5-070A-4D12-9116-BCACD87E353C}.Debug|Any CPU.ActiveCfg = Debug|Any CPU
		{8FBAF1B5-070A-4D12-9116-BCACD87E353C}.Debug|Any CPU.Build.0 = Debug|Any CPU
		{8FBAF1B5-070A-4D12-9116-BCACD87E353C}.Release|Any CPU.ActiveCfg = Release|Any CPU
		{8FBAF1B5-070A-4D12-9116-BCACD87E353C}.Release|Any CPU.Build.0 = Release|Any CPU
	EndGlobalSection
	GlobalSection(SolutionProperties) = preSolution
		HideSolutionNode = FALSE
	EndGlobalSection
	GlobalSection(ExtensibilityGlobals) = postSolution
		SolutionGuid = {3BE58857-5262-43D0-A2DA-EB427A180DED}
	EndGlobalSection
EndGlobal
